Microsoft Visual Studio Solution File, Format Version 12.00
# Visual Studio Version 17
VisualStudioVersion = 17.5.2.0
MinimumVisualStudioVersion = 10.0.40219.1
Project("{FAE04EC0-301F-11D3-BF4B-00C04F79EFBC}") = "CvParsing", "CvParsing.csproj", "{A1BDC9FC-9C57-B009-0B05-8199BB2B2CBE}"
EndProject
Global
	GlobalSection(SolutionConfigurationPlatforms) = preSolution
		Debug|Any CPU = Debug|Any CPU
		Release|Any CPU = Release|Any CPU
	EndGlobalSection
	GlobalSection(ProjectConfigurationPlatforms) = postSolution
		{A1BDC9FC-9C57-B009-0B05-8199BB2B2CBE}.Debug|Any CPU.ActiveCfg = Debug|Any CPU
		{A1BDC9FC-9C57-B009-0B05-8199BB2B2CBE}.Debug|Any CPU.Build.0 = Debug|Any CPU
		{A1BDC9FC-9C57-B009-0B05-8199BB2B2CBE}.Release|Any CPU.ActiveCfg = Release|Any CPU
		{A1BDC9FC-9C57-B009-0B05-8199BB2B2CBE}.Release|Any CPU.Build.0 = Release|Any CPU
	EndGlobalSection
	GlobalSection(SolutionProperties) = preSolution
		HideSolutionNode = FALSE
	EndGlobalSection
	GlobalSection(ExtensibilityGlobals) = postSolution
		SolutionGuid = {30AE4C55-8F3B-45FD-B85E-1384EA1B5E8F}
	EndGlobalSection
EndGlobal
